// !$*UTF8*$!
{
	archiveVersion = 1;
	classes = {
	};
	objectVersion = 46;
	objects = {

/* Begin PBXBuildFile section */
		9D468217181E1DE00042DB37 /* Foundation.framework in Frameworks */ = {isa = PBXBuildFile; fileRef = 9D468216181E1DE00042DB37 /* Foundation.framework */; };
		9D468219181E1DE00042DB37 /* CoreGraphics.framework in Frameworks */ = {isa = PBXBuildFile; fileRef = 9D468218181E1DE00042DB37 /* CoreGraphics.framework */; };
		9D46821B181E1DE00042DB37 /* UIKit.framework in Frameworks */ = {isa = PBXBuildFile; fileRef = 9D46821A181E1DE00042DB37 /* UIKit.framework */; };
		9D468221181E1DE00042DB37 /* InfoPlist.strings in Resources */ = {isa = PBXBuildFile; fileRef = 9D46821F181E1DE00042DB37 /* InfoPlist.strings */; };
		9D468223181E1DE00042DB37 /* main.m in Sources */ = {isa = PBXBuildFile; fileRef = 9D468222181E1DE00042DB37 /* main.m */; };
		9D468227181E1DE00042DB37 /* eLBAppDelegate.m in Sources */ = {isa = PBXBuildFile; fileRef = 9D468226181E1DE00042DB37 /* eLBAppDelegate.m */; };
		9D46822A181E1DE00042DB37 /* Main_iPhone.storyboard in Resources */ = {isa = PBXBuildFile; fileRef = 9D468228181E1DE00042DB37 /* Main_iPhone.storyboard */; };
		9D46822D181E1DE00042DB37 /* Main_iPad.storyboard in Resources */ = {isa = PBXBuildFile; fileRef = 9D46822B181E1DE00042DB37 /* Main_iPad.storyboard */; };
		9D468230181E1DE00042DB37 /* eLBViewController.m in Sources */ = {isa = PBXBuildFile; fileRef = 9D46822F181E1DE00042DB37 /* eLBViewController.m */; };
		9D468232181E1DE00042DB37 /* Images.xcassets in Resources */ = {isa = PBXBuildFile; fileRef = 9D468231181E1DE00042DB37 /* Images.xcassets */; };
		9D468239181E1DE00042DB37 /* XCTest.framework in Frameworks */ = {isa = PBXBuildFile; fileRef = 9D468238181E1DE00042DB37 /* XCTest.framework */; };
		9D46823A181E1DE00042DB37 /* Foundation.framework in Frameworks */ = {isa = PBXBuildFile; fileRef = 9D468216181E1DE00042DB37 /* Foundation.framework */; };
		9D46823B181E1DE00042DB37 /* UIKit.framework in Frameworks */ = {isa = PBXBuildFile; fileRef = 9D46821A181E1DE00042DB37 /* UIKit.framework */; };
		9D468243181E1DE00042DB37 /* InfoPlist.strings in Resources */ = {isa = PBXBuildFile; fileRef = 9D468241181E1DE00042DB37 /* InfoPlist.strings */; };
		9D468245181E1DE00042DB37 /* TestApplicationTests.m in Sources */ = {isa = PBXBuildFile; fileRef = 9D468244181E1DE00042DB37 /* TestApplicationTests.m */; };
/* End PBXBuildFile section */

/* Begin PBXContainerItemProxy section */
		9D46823C181E1DE00042DB37 /* PBXContainerItemProxy */ = {
			isa = PBXContainerItemProxy;
			containerPortal = 9D46820B181E1DE00042DB37 /* Project object */;
			proxyType = 1;
			remoteGlobalIDString = 9D468212181E1DE00042DB37;
			remoteInfo = TestApplication;
		};
/* End PBXContainerItemProxy section */

/* Begin PBXFileReference section */
		9D468213181E1DE00042DB37 /* TestApplication.app */ = {isa = PBXFileReference; explicitFileType = wrapper.application; includeInIndex = 0; path = TestApplication.app; sourceTree = BUILT_PRODUCTS_DIR; };
		9D468216181E1DE00042DB37 /* Foundation.framework */ = {isa = PBXFileReference; lastKnownFileType = wrapper.framework; name = Foundation.framework; path = System/Library/Frameworks/Foundation.framework; sourceTree = SDKROOT; };
		9D468218181E1DE00042DB37 /* CoreGraphics.framework */ = {isa = PBXFileReference; lastKnownFileType = wrapper.framework; name = CoreGraphics.framework; path = System/Library/Frameworks/CoreGraphics.framework; sourceTree = SDKROOT; };
		9D46821A181E1DE00042DB37 /* UIKit.framework */ = {isa = PBXFileReference; lastKnownFileType = wrapper.framework; name = UIKit.framework; path = System/Library/Frameworks/UIKit.framework; sourceTree = SDKROOT; };
		9D46821E181E1DE00042DB37 /* TestApplication-Info.plist */ = {isa = PBXFileReference; lastKnownFileType = text.plist.xml; path = "TestApplication-Info.plist"; sourceTree = "<group>"; };
		9D468220181E1DE00042DB37 /* en */ = {isa = PBXFileReference; lastKnownFileType = text.plist.strings; name = en; path = en.lproj/InfoPlist.strings; sourceTree = "<group>"; };
		9D468222181E1DE00042DB37 /* main.m */ = {isa = PBXFileReference; lastKnownFileType = sourcecode.c.objc; path = main.m; sourceTree = "<group>"; };
		9D468224181E1DE00042DB37 /* TestApplication-Prefix.pch */ = {isa = PBXFileReference; lastKnownFileType = sourcecode.c.h; path = "TestApplication-Prefix.pch"; sourceTree = "<group>"; };
		9D468225181E1DE00042DB37 /* eLBAppDelegate.h */ = {isa = PBXFileReference; lastKnownFileType = sourcecode.c.h; path = eLBAppDelegate.h; sourceTree = "<group>"; };
		9D468226181E1DE00042DB37 /* eLBAppDelegate.m */ = {isa = PBXFileReference; lastKnownFileType = sourcecode.c.objc; path = eLBAppDelegate.m; sourceTree = "<group>"; };
		9D468229181E1DE00042DB37 /* Base */ = {isa = PBXFileReference; lastKnownFileType = file.storyboard; name = Base; path = Base.lproj/Main_iPhone.storyboard; sourceTree = "<group>"; };
		9D46822C181E1DE00042DB37 /* Base */ = {isa = PBXFileReference; lastKnownFileType = file.storyboard; name = Base; path = Base.lproj/Main_iPad.storyboard; sourceTree = "<group>"; };
		9D46822E181E1DE00042DB37 /* eLBViewController.h */ = {isa = PBXFileReference; lastKnownFileType = sourcecode.c.h; path = eLBViewController.h; sourceTree = "<group>"; };
		9D46822F181E1DE00042DB37 /* eLBViewController.m */ = {isa = PBXFileReference; lastKnownFileType = sourcecode.c.objc; path = eLBViewController.m; sourceTree = "<group>"; };
		9D468231181E1DE00042DB37 /* Images.xcassets */ = {isa = PBXFileReference; lastKnownFileType = folder.assetcatalog; path = Images.xcassets; sourceTree = "<group>"; };
		9D468237181E1DE00042DB37 /* TestApplicationTests.xctest */ = {isa = PBXFileReference; explicitFileType = wrapper.cfbundle; includeInIndex = 0; path = TestApplicationTests.xctest; sourceTree = BUILT_PRODUCTS_DIR; };
		9D468238181E1DE00042DB37 /* XCTest.framework */ = {isa = PBXFileReference; lastKnownFileType = wrapper.framework; name = XCTest.framework; path = Library/Frameworks/XCTest.framework; sourceTree = DEVELOPER_DIR; };
		9D468240181E1DE00042DB37 /* TestApplicationTests-Info.plist */ = {isa = PBXFileReference; lastKnownFileType = text.plist.xml; path = "TestApplicationTests-Info.plist"; sourceTree = "<group>"; };
		9D468242181E1DE00042DB37 /* en */ = {isa = PBXFileReference; lastKnownFileType = text.plist.strings; name = en; path = en.lproj/InfoPlist.strings; sourceTree = "<group>"; };
		9D468244181E1DE00042DB37 /* TestApplicationTests.m */ = {isa = PBXFileReference; lastKnownFileType = sourcecode.c.objc; path = TestApplicationTests.m; sourceTree = "<group>"; };
/* End PBXFileReference section */

/* Begin PBXFrameworksBuildPhase section */
		9D468210181E1DE00042DB37 /* Frameworks */ = {
			isa = PBXFrameworksBuildPhase;
			buildActionMask = 2147483647;
			files = (
				9D468219181E1DE00042DB37 /* CoreGraphics.framework in Frameworks */,
				9D46821B181E1DE00042DB37 /* UIKit.framework in Frameworks */,
				9D468217181E1DE00042DB37 /* Foundation.framework in Frameworks */,
			);
			runOnlyForDeploymentPostprocessing = 0;
		};
		9D468234181E1DE00042DB37 /* Frameworks */ = {
			isa = PBXFrameworksBuildPhase;
			buildActionMask = 2147483647;
			files = (
				9D468239181E1DE00042DB37 /* XCTest.framework in Frameworks */,
				9D46823B181E1DE00042DB37 /* UIKit.framework in Frameworks */,
				9D46823A181E1DE00042DB37 /* Foundation.framework in Frameworks */,
			);
			runOnlyForDeploymentPostprocessing = 0;
		};
/* End PBXFrameworksBuildPhase section */

/* Begin PBXGroup section */
		9D46820A181E1DE00042DB37 = {
			isa = PBXGroup;
			children = (
				9D46821C181E1DE00042DB37 /* TestApplication */,
				9D46823E181E1DE00042DB37 /* TestApplicationTests */,
				9D468215181E1DE00042DB37 /* Frameworks */,
				9D468214181E1DE00042DB37 /* Products */,
			);
			sourceTree = "<group>";
		};
		9D468214181E1DE00042DB37 /* Products */ = {
			isa = PBXGroup;
			children = (
				9D468213181E1DE00042DB37 /* TestApplication.app */,
				9D468237181E1DE00042DB37 /* TestApplicationTests.xctest */,
			);
			name = Products;
			sourceTree = "<group>";
		};
		9D468215181E1DE00042DB37 /* Frameworks */ = {
			isa = PBXGroup;
			children = (
				9D468216181E1DE00042DB37 /* Foundation.framework */,
				9D468218181E1DE00042DB37 /* CoreGraphics.framework */,
				9D46821A181E1DE00042DB37 /* UIKit.framework */,
				9D468238181E1DE00042DB37 /* XCTest.framework */,
			);
			name = Frameworks;
			sourceTree = "<group>";
		};
		9D46821C181E1DE00042DB37 /* TestApplication */ = {
			isa = PBXGroup;
			children = (
				9D468225181E1DE00042DB37 /* eLBAppDelegate.h */,
				9D468226181E1DE00042DB37 /* eLBAppDelegate.m */,
				9D468228181E1DE00042DB37 /* Main_iPhone.storyboard */,
				9D46822B181E1DE00042DB37 /* Main_iPad.storyboard */,
				9D46822E181E1DE00042DB37 /* eLBViewController.h */,
				9D46822F181E1DE00042DB37 /* eLBViewController.m */,
				9D468231181E1DE00042DB37 /* Images.xcassets */,
				9D46821D181E1DE00042DB37 /* Supporting Files */,
			);
			path = TestApplication;
			sourceTree = "<group>";
		};
		9D46821D181E1DE00042DB37 /* Supporting Files */ = {
			isa = PBXGroup;
			children = (
				9D46821E181E1DE00042DB37 /* TestApplication-Info.plist */,
				9D46821F181E1DE00042DB37 /* InfoPlist.strings */,
				9D468222181E1DE00042DB37 /* main.m */,
				9D468224181E1DE00042DB37 /* TestApplication-Prefix.pch */,
			);
			name = "Supporting Files";
			sourceTree = "<group>";
		};
		9D46823E181E1DE00042DB37 /* TestApplicationTests */ = {
			isa = PBXGroup;
			children = (
				9D468244181E1DE00042DB37 /* TestApplicationTests.m */,
				9D46823F181E1DE00042DB37 /* Supporting Files */,
			);
			path = TestApplicationTests;
			sourceTree = "<group>";
		};
		9D46823F181E1DE00042DB37 /* Supporting Files */ = {
			isa = PBXGroup;
			children = (
				9D468240181E1DE00042DB37 /* TestApplicationTests-Info.plist */,
				9D468241181E1DE00042DB37 /* InfoPlist.strings */,
			);
			name = "Supporting Files";
			sourceTree = "<group>";
		};
/* End PBXGroup section */

/* Begin PBXNativeTarget section */
		9D468212181E1DE00042DB37 /* TestApplication */ = {
			isa = PBXNativeTarget;
			buildConfigurationList = 9D468248181E1DE00042DB37 /* Build configuration list for PBXNativeTarget "TestApplication" */;
			buildPhases = (
				9D46820F181E1DE00042DB37 /* Sources */,
				9D468210181E1DE00042DB37 /* Frameworks */,
				9D468211181E1DE00042DB37 /* Resources */,
			);
			buildRules = (
			);
			dependencies = (
			);
			name = TestApplication;
			productName = TestApplication;
			productReference = 9D468213181E1DE00042DB37 /* TestApplication.app */;
			productType = "com.apple.product-type.application";
		};
		9D468236181E1DE00042DB37 /* TestApplicationTests */ = {
			isa = PBXNativeTarget;
			buildConfigurationList = 9D46824B181E1DE00042DB37 /* Build configuration list for PBXNativeTarget "TestApplicationTests" */;
			buildPhases = (
				9D468233181E1DE00042DB37 /* Sources */,
				9D468234181E1DE00042DB37 /* Frameworks */,
				9D468235181E1DE00042DB37 /* Resources */,
			);
			buildRules = (
			);
			dependencies = (
				9D46823D181E1DE00042DB37 /* PBXTargetDependency */,
			);
			name = TestApplicationTests;
			productName = TestApplicationTests;
			productReference = 9D468237181E1DE00042DB37 /* TestApplicationTests.xctest */;
			productType = "com.apple.product-type.bundle.unit-test";
		};
/* End PBXNativeTarget section */

/* Begin PBXProject section */
		9D46820B181E1DE00042DB37 /* Project object */ = {
			isa = PBXProject;
			attributes = {
				CLASSPREFIX = eLB;
				LastUpgradeCheck = 0500;
				ORGANIZATIONNAME = "Daniel Frazee";
				TargetAttributes = {
					9D468236181E1DE00042DB37 = {
						TestTargetID = 9D468212181E1DE00042DB37;
					};
				};
			};
			buildConfigurationList = 9D46820E181E1DE00042DB37 /* Build configuration list for PBXProject "TestApplication" */;
			compatibilityVersion = "Xcode 3.2";
			developmentRegion = English;
			hasScannedForEncodings = 0;
			knownRegions = (
				en,
				Base,
			);
			mainGroup = 9D46820A181E1DE00042DB37;
			productRefGroup = 9D468214181E1DE00042DB37 /* Products */;
			projectDirPath = "";
			projectRoot = "";
			targets = (
				9D468212181E1DE00042DB37 /* TestApplication */,
				9D468236181E1DE00042DB37 /* TestApplicationTests */,
			);
		};
/* End PBXProject section */

/* Begin PBXResourcesBuildPhase section */
		9D468211181E1DE00042DB37 /* Resources */ = {
			isa = PBXResourcesBuildPhase;
			buildActionMask = 2147483647;
			files = (
				9D46822D181E1DE00042DB37 /* Main_iPad.storyboard in Resources */,
				9D468232181E1DE00042DB37 /* Images.xcassets in Resources */,
				9D46822A181E1DE00042DB37 /* Main_iPhone.storyboard in Resources */,
				9D468221181E1DE00042DB37 /* InfoPlist.strings in Resources */,
			);
			runOnlyForDeploymentPostprocessing = 0;
		};
		9D468235181E1DE00042DB37 /* Resources */ = {
			isa = PBXResourcesBuildPhase;
			buildActionMask = 2147483647;
			files = (
				9D468243181E1DE00042DB37 /* InfoPlist.strings in Resources */,
			);
			runOnlyForDeploymentPostprocessing = 0;
		};
/* End PBXResourcesBuildPhase section */

/* Begin PBXSourcesBuildPhase section */
		9D46820F181E1DE00042DB37 /* Sources */ = {
			isa = PBXSourcesBuildPhase;
			buildActionMask = 2147483647;
			files = (
				9D468227181E1DE00042DB37 /* eLBAppDelegate.m in Sources */,
				9D468223181E1DE00042DB37 /* main.m in Sources */,
				9D468230181E1DE00042DB37 /* eLBViewController.m in Sources */,
			);
			runOnlyForDeploymentPostprocessing = 0;
		};
		9D468233181E1DE00042DB37 /* Sources */ = {
			isa = PBXSourcesBuildPhase;
			buildActionMask = 2147483647;
			files = (
				9D468245181E1DE00042DB37 /* TestApplicationTests.m in Sources */,
			);
			runOnlyForDeploymentPostprocessing = 0;
		};
/* End PBXSourcesBuildPhase section */

/* Begin PBXTargetDependency section */
		9D46823D181E1DE00042DB37 /* PBXTargetDependency */ = {
			isa = PBXTargetDependency;
			target = 9D468212181E1DE00042DB37 /* TestApplication */;
			targetProxy = 9D46823C181E1DE00042DB37 /* PBXContainerItemProxy */;
		};
/* End PBXTargetDependency section */

/* Begin PBXVariantGroup section */
		9D46821F181E1DE00042DB37 /* InfoPlist.strings */ = {
			isa = PBXVariantGroup;
			children = (
				9D468220181E1DE00042DB37 /* en */,
			);
			name = InfoPlist.strings;
			sourceTree = "<group>";
		};
		9D468228181E1DE00042DB37 /* Main_iPhone.storyboard */ = {
			isa = PBXVariantGroup;
			children = (
				9D468229181E1DE00042DB37 /* Base */,
			);
			name = Main_iPhone.storyboard;
			sourceTree = "<group>";
		};
		9D46822B181E1DE00042DB37 /* Main_iPad.storyboard */ = {
			isa = PBXVariantGroup;
			children = (
				9D46822C181E1DE00042DB37 /* Base */,
			);
			name = Main_iPad.storyboard;
			sourceTree = "<group>";
		};
		9D468241181E1DE00042DB37 /* InfoPlist.strings */ = {
			isa = PBXVariantGroup;
			children = (
				9D468242181E1DE00042DB37 /* en */,
			);
			name = InfoPlist.strings;
			sourceTree = "<group>";
		};
/* End PBXVariantGroup section */

/* Begin XCBuildConfiguration section */
		9D468246181E1DE00042DB37 /* Debug */ = {
			isa = XCBuildConfiguration;
			buildSettings = {
				ALWAYS_SEARCH_USER_PATHS = NO;
				ARCHS = "$(ARCHS_STANDARD_INCLUDING_64_BIT)";
				CLANG_CXX_LANGUAGE_STANDARD = "gnu++0x";
				CLANG_CXX_LIBRARY = "libc++";
				CLANG_ENABLE_MODULES = YES;
				CLANG_ENABLE_OBJC_ARC = YES;
				CLANG_WARN_BOOL_CONVERSION = YES;
				CLANG_WARN_CONSTANT_CONVERSION = YES;
				CLANG_WARN_DIRECT_OBJC_ISA_USAGE = YES_ERROR;
				CLANG_WARN_EMPTY_BODY = YES;
				CLANG_WARN_ENUM_CONVERSION = YES;
				CLANG_WARN_INT_CONVERSION = YES;
				CLANG_WARN_OBJC_ROOT_CLASS = YES_ERROR;
				CLANG_WARN__DUPLICATE_METHOD_MATCH = YES;
				"CODE_SIGN_IDENTITY[sdk=iphoneos*]" = "iPhone Developer";
				COPY_PHASE_STRIP = NO;
				GCC_C_LANGUAGE_STANDARD = gnu99;
				GCC_DYNAMIC_NO_PIC = NO;
				GCC_OPTIMIZATION_LEVEL = 0;
				GCC_PREPROCESSOR_DEFINITIONS = (
					"DEBUG=1",
					"$(inherited)",
				);
				GCC_SYMBOLS_PRIVATE_EXTERN = NO;
				GCC_WARN_64_TO_32_BIT_CONVERSION = YES;
				GCC_WARN_ABOUT_RETURN_TYPE = YES_ERROR;
				GCC_WARN_UNDECLARED_SELECTOR = YES;
				GCC_WARN_UNINITIALIZED_AUTOS = YES;
				GCC_WARN_UNUSED_FUNCTION = YES;
				GCC_WARN_UNUSED_VARIABLE = YES;
				IPHONEOS_DEPLOYMENT_TARGET = 7.0;
				ONLY_ACTIVE_ARCH = YES;
				SDKROOT = iphoneos;
				TARGETED_DEVICE_FAMILY = "1,2";
			};
			name = Debug;
		};
		9D468247181E1DE00042DB37 /* Release */ = {
			isa = XCBuildConfiguration;
			buildSettings = {
				ALWAYS_SEARCH_USER_PATHS = NO;
				ARCHS = "$(ARCHS_STANDARD_INCLUDING_64_BIT)";
				CLANG_CXX_LANGUAGE_STANDARD = "gnu++0x";
				CLANG_CXX_LIBRARY = "libc++";
				CLANG_ENABLE_MODULES = YES;
				CLANG_ENABLE_OBJC_ARC = YES;
				CLANG_WARN_BOOL_CONVERSION = YES;
				CLANG_WARN_CONSTANT_CONVERSION = YES;
				CLANG_WARN_DIRECT_OBJC_ISA_USAGE = YES_ERROR;
				CLANG_WARN_EMPTY_BODY = YES;
				CLANG_WARN_ENUM_CONVERSION = YES;
				CLANG_WARN_INT_CONVERSION = YES;
				CLANG_WARN_OBJC_ROOT_CLASS = YES_ERROR;
				CLANG_WARN__DUPLICATE_METHOD_MATCH = YES;
				"CODE_SIGN_IDENTITY[sdk=iphoneos*]" = "iPhone Developer";
				COPY_PHASE_STRIP = YES;
				ENABLE_NS_ASSERTIONS = NO;
				GCC_C_LANGUAGE_STANDARD = gnu99;
				GCC_WARN_64_TO_32_BIT_CONVERSION = YES;
				GCC_WARN_ABOUT_RETURN_TYPE = YES_ERROR;
				GCC_WARN_UNDECLARED_SELECTOR = YES;
				GCC_WARN_UNINITIALIZED_AUTOS = YES;
				GCC_WARN_UNUSED_FUNCTION = YES;
				GCC_WARN_UNUSED_VARIABLE = YES;
				IPHONEOS_DEPLOYMENT_TARGET = 7.0;
				SDKROOT = iphoneos;
				TARGETED_DEVICE_FAMILY = "1,2";
				VALIDATE_PRODUCT = YES;
			};
			name = Release;
		};
		9D468249181E1DE00042DB37 /* Debug */ = {
			isa = XCBuildConfiguration;
			buildSettings = {
				ASSETCATALOG_COMPILER_APPICON_NAME = AppIcon;
				ASSETCATALOG_COMPILER_LAUNCHIMAGE_NAME = LaunchImage;
				GCC_PRECOMPILE_PREFIX_HEADER = YES;
				GCC_PREFIX_HEADER = "TestApplication/TestApplication-Prefix.pch";
				INFOPLIST_FILE = "TestApplication/TestApplication-Info.plist";
				PRODUCT_NAME = "$(TARGET_NAME)";
				WRAPPER_EXTENSION = app;
			};
			name = Debug;
		};
		9D46824A181E1DE00042DB37 /* Release */ = {
			isa = XCBuildConfiguration;
			buildSettings = {
				ASSETCATALOG_COMPILER_APPICON_NAME = AppIcon;
				ASSETCATALOG_COMPILER_LAUNCHIMAGE_NAME = LaunchImage;
				GCC_PRECOMPILE_PREFIX_HEADER = YES;
				GCC_PREFIX_HEADER = "TestApplication/TestApplication-Prefix.pch";
				INFOPLIST_FILE = "TestApplication/TestApplication-Info.plist";
				PRODUCT_NAME = "$(TARGET_NAME)";
				WRAPPER_EXTENSION = app;
			};
			name = Release;
		};
		9D46824C181E1DE00042DB37 /* Debug */ = {
			isa = XCBuildConfiguration;
			buildSettings = {
				ARCHS = "$(ARCHS_STANDARD_INCLUDING_64_BIT)";
				BUNDLE_LOADER = "$(BUILT_PRODUCTS_DIR)/TestApplication.app/TestApplication";
				FRAMEWORK_SEARCH_PATHS = (
					"$(SDKROOT)/Developer/Library/Frameworks",
					"$(inherited)",
					"$(DEVELOPER_FRAMEWORKS_DIR)",
				);
				GCC_PRECOMPILE_PREFIX_HEADER = YES;
				GCC_PREFIX_HEADER = "TestApplication/TestApplication-Prefix.pch";
				GCC_PREPROCESSOR_DEFINITIONS = (
					"DEBUG=1",
					"$(inherited)",
				);
				INFOPLIST_FILE = "TestApplicationTests/TestApplicationTests-Info.plist";
				PRODUCT_NAME = "$(TARGET_NAME)";
				TEST_HOST = "$(BUNDLE_LOADER)";
				WRAPPER_EXTENSION = xctest;
			};
			name = Debug;
		};
		9D46824D181E1DE00042DB37 /* Release */ = {
			isa = XCBuildConfiguration;
			buildSettings = {
				ARCHS = "$(ARCHS_STANDARD_INCLUDING_64_BIT)";
				BUNDLE_LOADER = "$(BUILT_PRODUCTS_DIR)/TestApplication.app/TestApplication";
				FRAMEWORK_SEARCH_PATHS = (
					"$(SDKROOT)/Developer/Library/Frameworks",
					"$(inherited)",
					"$(DEVELOPER_FRAMEWORKS_DIR)",
				);
				GCC_PRECOMPILE_PREFIX_HEADER = YES;
				GCC_PREFIX_HEADER = "TestApplication/TestApplication-Prefix.pch";
				INFOPLIST_FILE = "TestApplicationTests/TestApplicationTests-Info.plist";
				PRODUCT_NAME = "$(TARGET_NAME)";
				TEST_HOST = "$(BUNDLE_LOADER)";
				WRAPPER_EXTENSION = xctest;
			};
			name = Release;
		};
/* End XCBuildConfiguration section */

/* Begin XCConfigurationList section */
		9D46820E181E1DE00042DB37 /* Build configuration list for PBXProject "TestApplication" */ = {
			isa = XCConfigurationList;
			buildConfigurations = (
				9D468246181E1DE00042DB37 /* Debug */,
				9D468247181E1DE00042DB37 /* Release */,
			);
			defaultConfigurationIsVisible = 0;
			defaultConfigurationName = Release;
		};
		9D468248181E1DE00042DB37 /* Build configuration list for PBXNativeTarget "TestApplication" */ = {
			isa = XCConfigurationList;
			buildConfigurations = (
				9D468249181E1DE00042DB37 /* Debug */,
				9D46824A181E1DE00042DB37 /* Release */,
			);
			defaultConfigurationIsVisible = 0;
		};
		9D46824B181E1DE00042DB37 /* Build configuration list for PBXNativeTarget "TestApplicationTests" */ = {
			isa = XCConfigurationList;
			buildConfigurations = (
				9D46824C181E1DE00042DB37 /* Debug */,
				9D46824D181E1DE00042DB37 /* Release */,
			);
			defaultConfigurationIsVisible = 0;
		};
/* End XCConfigurationList section */
	};
	rootObject = 9D46820B181E1DE00042DB37 /* Project object */;
}
